# Your Last 100 Days - Mod Lock
# Format: SHA-256  filename
# Heavy menu/loading stack intentionally absent: FancyMenu, Drippy, Konkrete, Melody
# Y100D Early Loading is the pack-owned 752 KB NeoForge service listed below.

[active]
count=113
85553cdbc00d531eb1882f76002eff13ba00a9ace00d002d993b129101cd9558  aces_spell_utils-1.2.7.0-1.21.1.jar
ae0ec0a574d4ebd0644b37913c65a6f92ea20a0fe7e3d3799fd872cfe01a278a  advancednetherite-neoforge-2.3.1-1.21.1.jar
6e3dd73d01c1784f4d1293126e3020470887456cd0d246a4c44a0fc1a244e381  ApothicAttributes-1.21.1-2.9.1.jar
4aa30b8669f2ddeac6ca37de059225060849c7fe1dc75c92ecff7f6ab385687a  ApothicEnchanting-1.21.1-1.5.3.jar
38b48dd6231341c9f964ce6e42c57ec866c6cc8f72bec938390a59bafb3922df  appleskin-neoforge-mc1.21-3.0.9.jar
5ec578f814e8cca87aeffa6e424032e78d9ea5ea6b603dd834c2dc13c31141ee  architectury-13.0.8-neoforge.jar
4a8e1f4d5702937a707861e478829695e432286bcd9e58f5834d82c6d998eea8  artifacts-neoforge-13.2.1.jar
cc64b50e80c03bf5e0abd1c6ba76c87397b972adcf678de87d81d85dd7244098  ATi Structures Vanilla V1.4.5.jar
54c3a272716344e214d00ba4c338ce153ef997fe4e70aec3d80ef92037dbd1b1  azurelib-neo-1.21.1-3.1.11.jar
cced7e33b55e77e241a967ba29f52232185c1c3e72af7b4dd255bd557bb9aee0  balm-neoforge-1.21.1-21.0.63.jar
60b548bef04a2f0e1da686ee9035c2e3d4ed0459a17d7a4836fc26af6de6b60e  BetterAdvancements-NeoForge-1.21.1-0.4.3.21.jar
9e230bd509e7aeb3af4c08125db0340734c0179d83483649a16e45c0ea085e8c  block_factorys_bosses-2.1.2-neo-1.21.1.jar
eec023231b21a606306cac6c588b5b07f51741f5e5bc831dba709d52332b82ab  blockui-1.0.209-1.21.1.jar
a0271a24db8622434d9573c5e789d451a05c9211173885049284e1911e2499c7  born_in_chaos_[Neoforge]_1.21.1_1.7.6.jar
432a645557f29de159d9edde2fd109f8e3b32ff30895b4fede04ee5f1a1a682f  caelus-neoforge-7.0.1+1.21.1.jar
6a056e8d9f735defc531cec85c2ced75992950312f2dcaa2aa9fc090cf291763  cataclysm_spellbooks-1.1.11-1.21.jar
a80af1dbc6d00ea908366bcc175951a11fbf83a12aeadd36b5035a772ff7c3a6  citadel-2.7.0-1.21.1.jar
2844d0f7374ebfb0dd0782a675ef53311bb3cedacb1cf6258c35025eb809225f  clientsort-neoforge-2.2.2+1.21.1.jar
65e722e0d98431a07c45f8bdd8d529a217cc8c175fde1740248bd5c1b4f3c0d4  cloth-config-15.0.140-neoforge.jar
b524ccdace2ef8fd19f5b2074f7de1103ac5065c52553f064c00e098346c293e  Clumps-neoforge-1.21.1-19.0.0.1.jar
6b0fd35a1349107e08a45539adbde9683bb203febc43a3305f6fc4ac73e59615  comforts-neoforge-9.0.5+1.21.1.jar
52a2c1c52bdf7cae34f9b9e6f98ec129c957840e1538ef2df5473de917a75890  ConstructionWandsRevived-1.21.1-4.2.2-NeoForge.jar
cc525fb6b030d9e4d33176983f278919e17b33935e2ca568929bdfa98f2b44a0  Controlling-neoforge-1.21.1-19.0.5.jar
5e058a4fcb29a538821351081fcf10172fc707767756774afed1bf0e1953c7e3  Corgilib-NeoForge-1.21.1-5.0.0.9.jar
097434e256a428335cc4e9b718ad7bb9c6804c2c775aa3dd7149a6904adca2bc  coroutil-neoforge-1.21.0-1.3.9.jar
11e05dbc97bd3fe1790bd6361747240e314c1dbf40b590ea20cc691dc8396c38  cristellib-neoforge-1.21.1-3.1.7.jar
a45df2125c26219974aba7507ffc9afe7b83acc941a386af3faacb1cc0056fde  curios-neoforge-9.5.1+1.21.1.jar
0b94846f59742973ea314141ecc6b78156493634aa004eb359e3b0c970c64b45  darkdoppelganger-3.3.1-1.21.1.jar
ec5d54ae85bc39be3c17b38d800aa8e2fa57a2a1f46464fc1e328ed61eb85041  Data_Anchor-neoforge-1.21.1-2.0.0.14.jar
53f3de151a266e17937bdde0d08c7c27b9db4c6bde3a36754f54b224f0feebf1  DetailArmorBarReconstructed-5.0.2+1.21.1-neoforge.jar
04c0c902bdbcbd48e38bee5a323907ae0b7b7db4ff4a3e4da7c45334b65610a1  domum-ornamentum-1.0.231-main.jar
3aac4c4c6e82d78d8dda4c611d68c672d1061b42bb6954331e3c2e7f14c451e1  embeddium-1.0.15+mc1.21.1.jar
1ea0762e784408286946a24bbb83512c19b09bed16d800df73be69e7b176ce5c  enhancedai-4.2.1.0.jar
eb0d2c334278d2ca648ad43b29286ab9d58df59c2329ca605d1e039935b95b9d  Enhanced-Celestials-NeoForge-1.21.1-6.0.2.5.jar
4cc32619319dd736ccdeb8483491ae82f3ef55fc8b70a3ce8c373123249bcfa0  enigmaticlegacyplus-1.21.1-1.0.0.jar
9364bd08e9f0e557ceea9b9d40e2adfbf31270db7a8e8928f305fb395f645345  everycomp-1.21-2.11.46-neoforge.jar
2dc76398b48b2aae9b4024642da098b0880125572de160cb5ecf91d102890cad  Explorify v1.6.5.mod.jar
dc161b5a6fdc57078913c5846d825a50c476f4ce6279b02837dd24fa33417260  explosiveenhancement-neoforge-1.21.1-1.1.2.jar
d87ea28262715ebff45b8a82d493e6b468e7a4521bc021df5d88302196d030a8  ferritecore-7.0.3-neoforge.jar
429ea90a162d7c25c1463ee60979e4d7b1ddb525d9384a3a2a2f45d70bda03f5  framework-neoforge-1.21.1-0.13.11.jar
6e8f7b57f243caf5cbb2c80387924df7b555b98d0fc6e1e575d4b5d74f5ff2e2  ftb-library-neoforge-2101.1.33.jar
460b163ebefb4580e1ad32e1f94f1ea4bdc8f763692ee821628ace10bde49a03  ftb-quests-neoforge-2101.1.27.jar
a656f2aa0e11a933aab3ba697690aa0eb2041f65e6c5daa448897ee0a6d37a6c  ftb-teams-neoforge-2101.1.10.jar
5e548466af9ab6aca7a91a7c7d4dc0dc8bc385e22958aed5da0e7bebd0fa3fba  geckolib-neoforge-1.21.1-4.9.2.jar
523aebc80baab377072fe26c5ff9d1c3649764f185131e7849acd99833d406dd  goblintraders-neoforge-1.21.1-1.11.2.jar
1e4e9b47a5f6580370d7e3056379eb0c36ec90bef6e014e098805ace1de980a4  guardvillagers-2.4.10-1.21.1.jar
0d620c975619b04110b94a73d5b42d252563ff59c1eae9d21ab2ee7e38460a3c  Iceberg-1.21.1-neoforge-1.3.2.jar
336df12f099d1a441a3e06850bea86e9c2d0c8bc022d3d9a201870a201562a04  ImmediatelyFast-NeoForge-1.6.11+1.21.1.jar
f7ef3ac3c1e8faf8cf2764a63858e2658d81c2bb1174e625ce304318ac079add  incontrol-1.21-10.2.6.jar
1e514bf949fba0a3c6a451652ca07164ccbb0b650311920d55249b7eb51f4036  insanelib-2.4.21.0.jar
3d0ad1003d6edeaad2500b9922267b4192d2c603cdd846fda339b168f4deff72  irons_lib-1.21.1-2.1.0.jar
82b650aff7636c8fa88da0e4cfea008c229bb62843274678ee932f6b4ec74430  irons_spellbooks-1.21.1-3.16.2.jar
067bb4b007e1d6f6b79f0afe99c91252aa825472b99a76d33a60d24442f9e92d  Jade-1.21.1-NeoForge-15.10.5.jar
2b6d84df11ab2bb94a75be8bac6790bfbb2c0112a1622cd5f5f234468a196721  jei-1.21.1-neoforge-19.27.0.336.jar
766843322659f8d4c1dbee9a5f2b6ff6bc9e565ab8927acea529091be48d3184  JustEnoughAdvancements-21.1.1.jar
7a47d69b5530704690d5a5f0726cd74a2d6c57df17dd4a8589c4ab5212f91460  JustEnoughResources-NeoForge-1.21.1-1.6.0.17.jar
28867299e7a9f02cfd74e34745fdbbb073fe4887fddbc98fd6c1ed2e87b01482  kubejs-neoforge-2101.7.2-build.368.jar
679c8687281cdac01e80de1672f27db1baf6ad5c68c74d752806b9d5ce246ac3  L_Ender's Cataclysm 1.21.1-3.32.jar
7a0a065c7412116d8202d48ed05a475e6ac096cff798c99948f17b7140afdb10  lanserverproperties-1.13.2-neoforge.jar
8ba2bc2cb894e48d8e7520d41c72ef7f429659c3ee58b029f4899c760b958493  LegendaryTooltips-1.21.1-neoforge-1.5.5.jar
c19b085cf70dbdb5e17ba8530de0e5e1b08b0d6f2c8282b719d75fd31254b2ca  LibX-1.21.1-6.0.9.jar
aeebf0692650afbbc78259c0d4e3d5b7edf037707e8ae5d56045066d83a19cf6  lionfishapi-3.1.jar
a90b1d485b138328ceaa156b7897b0829eb1ee1522b997870a53129ae65e5512  lithostitched-1.7.13-neoforge-21.1.jar
d168fd80f45e5f23dced8a54fdee87347a4c7fc6ccd9c76d30ae4d067ba9c60a  lootjs-neoforge-1.21.1-3.7.0.jar
cc2e11f89e220f92d57803a0e2f11cca8bec724c372029e3edaf0bfe727cffb8  mctradepost-1.06.001-1.21.1.jar
d11b62c633c739426c6b5812f6b1162265323e981a75ee2517b51ff78e7c20d4  medieval_buildings_end_edition-1.21.1-1.0.4-neoforge.jar
6aae01f723d6e0fc0b233ee038d7ca1ee983b1d609306c05f128e3642581cd91  medieval_buildings_nether_edition-1.21.1-1.0.2-neoforge.jar
367422cf0768bcdcf3d8ce21ce7c123e8d87022c11085f66f671fef1abc37102  medieval_buildings-1.21.1-1.1.1-neoforge.jar
ab97c0eec45c3f2539ec31428e3c836bb30ba1c537af0c86f5ab4e38754f6a4d  minecolonies-1.1.1319-1.21.1.jar
fb7085db4f1f99f7fcd845470685ff9f86348a03db5727f06f74ce685e4ab312  ModernCompanions-1.21.1-2.0-NeoForge.jar
60bad0cb2436b8f5dd277d752e83f05b244477da85ba01456b2bfe01f1ede850  modernfix-neoforge-5.27.15+mc1.21.1.jar
095a0b08d34da009b27f207fda8d4322d201e6353231a1ca2624c2350962a3a8  moonlight-neoforge-1.21.1-3.1.1.jar
68e6f4201c5de97b77929a7215c9552495696ca6a3bf3ae4eacc34e135f6cc8b  MouseTweaks-neoforge-mc1.21-2.26.1.jar
b8e7e39fb6430326de7fbb193db56588ee8bd04d0054527924fe588f37131e4f  mowziesmobs-1.21.1-1.8.2.jar
6ab396aa8cdb26e08442746e7e09ba9d4df2acef10834f697b047cb7bff1c816  mru-1.0.31+1.21.1-neoforge.jar
7ca26db4648589b7f76694c249d5096c0c0afb7615fe6adf9f638c6c825c15e7  multipiston-1.2.58-1.21.1.jar
3213254321d6b5a76182ad3ec699a91cc13facce0c47c1416dfc680025f4fe44  neoculus-mc1.21.1-1.8.7.jar
92ba07d9d9e55a65421f3c3f203c72fe5149cb024d5277267e81d812e11a7f38  OctoLib-NEOFORGE-0.6.2+1.21.jar
61da322358127329d40b36a028faa7d91c370a3708e08becf1f1b8b242c5eb61  ok_zoomer-neo-10.0.0-beta.13.jar
959af52ed6640c316c3a8469203420be4aeea11ad6603890ba83bf48f5d9f993  Patchouli-1.21.1-93-NEOFORGE.jar
42c90bc43800558b9322bd60faa9011d6694e66a87b7e6b3b9f51fa735b527ea  Placebo-1.21.1-9.9.1.jar
dbe5de45f5cd60c0e5e47af14e6d564534a98456e973cf670cb881f6938eee92  player-animation-lib-forge-2.0.4+1.21.1.jar
b5c3b6eba516ed99492eda56cf5e1dca23e0fe858f7bec10b2fd50827e84cc61  potionbar-1.4.0-neoforge.jar
b6a1e585416c48d7d9fa53fc12c67122ad1f3a6965202b51d4e2c643ffca61c2  Prism-1.21.1-neoforge-1.0.11.jar
024f63a0706a94fbb4dff5fb6534500817f72751a0e16577fe117e510b056e5c  relics-1.21.1-0.10.7.8.jar
092abc16788a6ebc324ce923098285b1b0a704700c359fdf2d733e6f33535700  reliquified_lenders_cataclysm-1.21.1-0.1.1.jar
aeb473f0a0a0632cea089377cdd9f66c42cf6f97557fd32c368ac40635285dd2  repurposed_structures-7.5.21+1.21.1-neoforge.jar
95df92ce578b2504cb16d8c9fc285303bf062eb15452246a18e57b7cf091c19a  rhino-2101.2.7-build.85.jar
ca193f0c69033d8f709f9e073a7c1ef4ea46714e5c2f94eb23ace12781c6aa68  Searchables-neoforge-1.21.1-1.0.2.jar
d78002d50865db928fbf2c17c716ffcbbd6d33bff88aa1f0f3a04152a2665e25  sodiumdynamiclights-neoforge-1.0.10-1.21.1.jar
78750eaec65d4231aa7398a508db6120f7963a05cf9b5f9a091baac4400fa1e3  sophisticated_jei_index-1.1.0-neoforge-1.21.1.jar
243c59d4cbe9d317032dea319eca80a9b8c7f2834ec49f1bfb6a60f42d582a6f  sophisticatedbackpacks-1.21.1-3.25.67.1964.jar
79aaf0af0dcf7776c6623d3859ebdf6cf662a12460ae713a0da3733e03b47287  sophisticatedcore-1.21.1-1.4.69.2125.jar
d3bda0a7a5b1f267747da182e788139da380f625eaf96a5c2a8fa5bcb8d908b7  sounds-2.4.22+lts+1.21.1-neoforge.jar
b39eaacb9575d6f20ea50128b9aa701327c725b628dca30befd5bc51f57be9c4  spartan_weaponry_unofficial-1.2.2-1.21.1.jar
1335508a710f10e6c4d99daa114e879556f33a60e51e64f36bb7a3fd1bb62ffa  structurize-1.0.830-1.21.1.jar
5c23a3b033b930f9c1da07bf5fb1c9663327d5e9361a8c9eccec3f2171986407  supplementaries-neoforge-1.21.1-3.8.2.jar
04e3a5f6e9aa83b2f305e836ed6bceb656c7a6cae8d945415fd8d55bc2450696  t_and_t-neoforge-fabric-1.13.9+1.21.1.jar
edb34c388fe17ea88d0a7fd11174bbf8ae8f28a4c8ce886f1bf9a5cf0ebc36b8  TerraBlender-neoforge-1.21.1-4.1.0.8.jar
98139f54cc0f6f4be6d7fa8927cd170df8b14545ae04643436dbd48517589eb4  towntalk-1.2.0.jar
3289b5c84a79e63d83d4ce05d8e3e15b622b2e286e0770b86f00807974a77695  trashslot-neoforge-1.21.1-21.1.11.jar
2a5ec9cca187b4a031e9dd7e5eec8d0872f7d2bc355d88bda633021fa7eb71b0  TreeChop-1.21.1-neoforge-0.19.3.jar
1e387494cec156553557d0996cee6dbf6ca606e371782f723ff08d3e9905fe3c  voicechat-neoforge-1.21.1-2.6.20.jar
f7864120e9474519140beb6f136314d0a3d9a5e8ab45b5951359e22049d0a14b  waystones-neoforge-1.21.1-21.1.37.jar
b722bcf794288f0ed51165cd1f057fc4505e20abbc723b2e17e900426e443603  xaerominimap-neoforge-1.21.1-26.4.2.jar
2c4089c2f9132b85749a18920d6e2098744f61fe98854fcff2e3768f2d7269fa  xaeroworldmap-neoforge-1.21.1-1.44.2.jar
9cc3fb2352f7024faacd081f4efe437bdb3e3af09ea4f2c0b2f8ca845de1125e  xptome-1.21.1-2.4.jar
06a52e0d4df28b6a284d8adaca316cc9d1ee2f6ef6debdd3f2dc82c0c3c7e446  y100d-early-loading-1.0.0+mc1.21.1-neoforge.jar
b5c30321b46cfaa521645a04aff89d2804d8167a25bb23ad4b1ae8da73093a2f  yet_another_config_lib_v3-3.8.2+1.21.1-neoforge.jar
08e1d21690d3213a4c62de6b6cf79f3527afb2e72e0cad0e1848d46eb8f682ca  YungsApi-1.21.1-NeoForge-5.1.6.jar
61816c3b7c9d92c6b44f93dce87ceb0a22827f20285d5d9c4d10d519d734de04  YungsBetterDungeons-1.21.1-NeoForge-5.1.4.jar
5450a64a7036237f449496837e08f3e5b3aa1d7974a10df43944172def75d8ff  YungsBetterNetherFortresses-1.21.1-NeoForge-3.1.5.jar
a9cab2fc01538368862365691f7d215309801aed0b390351681b6b60a1db7b58  YungsBetterStrongholds-1.21.1-NeoForge-5.1.3.jar
